{
  "name": "@prolown/openclaw-surplus-intelligence",
  "version": "0.2.0-alpha.1",
  "lockfileVersion": 3,
  "requires": true,
  "packages": {
    "": {
      "name": "@prolown/openclaw-surplus-intelligence",
      "version": "0.2.0-alpha.1",
      "license": "MIT",
      "engines": {
        "node": ">=18"
      }
    }
  }
}
